
Microsoft Visual Studio Solution File, Format Version 12.00
# Visual Studio Version 17
VisualStudioVersion = 17.8.34322.80
MinimumVisualStudioVersion = 10.0.40219.1
Project("{FAE04EC0-301F-11D3-BF4B-00C04F79EFBC}") = "SRP.Api", "SRP.Api\SRP.Api.csproj", "{5981A906-BB9B-41B9-A0B1-034E42693DB2}"
EndProject
Project("{FAE04EC0-301F-11D3-BF4B-00C04F79EFBC}") = "SRP.Web", "SRP.Web\SRP.Web\SRP.Web.csproj", "{C129A1FF-E456-4612-ABDB-B0FFB63A2BB4}"
EndProject
Project("{FAE04EC0-301F-11D3-BF4B-00C04F79EFBC}") = "SRP.Web.Client", "SRP.Web\SRP.Web.Client\SRP.Web.Client.csproj", "{2D7470D1-D6EB-4683-B33A-811CC1D1085F}"
EndProject
Global
	GlobalSection(SolutionConfigurationPlatforms) = preSolution
		Debug|Any CPU = Debug|Any CPU
		Release|Any CPU = Release|Any CPU
	EndGlobalSection
	GlobalSection(ProjectConfigurationPlatforms) = postSolution
		{5981A906-BB9B-41B9-A0B1-034E42693DB2}.Debug|Any CPU.ActiveCfg = Debug|Any CPU
		{5981A906-BB9B-41B9-A0B1-034E42693DB2}.Debug|Any CPU.Build.0 = Debug|Any CPU
		{5981A906-BB9B-41B9-A0B1-034E42693DB2}.Release|Any CPU.ActiveCfg = Release|Any CPU
		{5981A906-BB9B-41B9-A0B1-034E42693DB2}.Release|Any CPU.Build.0 = Release|Any CPU
		{C129A1FF-E456-4612-ABDB-B0FFB63A2BB4}.Debug|Any CPU.ActiveCfg = Debug|Any CPU
		{C129A1FF-E456-4612-ABDB-B0FFB63A2BB4}.Debug|Any CPU.Build.0 = Debug|Any CPU
		{C129A1FF-E456-4612-ABDB-B0FFB63A2BB4}.Release|Any CPU.ActiveCfg = Release|Any CPU
		{C129A1FF-E456-4612-ABDB-B0FFB63A2BB4}.Release|Any CPU.Build.0 = Release|Any CPU
		{2D7470D1-D6EB-4683-B33A-811CC1D1085F}.Debug|Any CPU.ActiveCfg = Debug|Any CPU
		{2D7470D1-D6EB-4683-B33A-811CC1D1085F}.Debug|Any CPU.Build.0 = Debug|Any CPU
		{2D7470D1-D6EB-4683-B33A-811CC1D1085F}.Release|Any CPU.ActiveCfg = Release|Any CPU
		{2D7470D1-D6EB-4683-B33A-811CC1D1085F}.Release|Any CPU.Build.0 = Release|Any CPU
	EndGlobalSection
	GlobalSection(SolutionProperties) = preSolution
		HideSolutionNode = FALSE
	EndGlobalSection
	GlobalSection(ExtensibilityGlobals) = postSolution
		SolutionGuid = {AEB6BFB2-9894-4834-9DF8-B3544EBAA970}
	EndGlobalSection
EndGlobal
